
Microsoft Visual Studio Solution File, Format Version 12.00
# Visual Studio 15
VisualStudioVersion = 15.0.27428.1
MinimumVisualStudioVersion = 10.0.40219.1
Project("{FAE04EC0-301F-11D3-BF4B-00C04F79EFBC}") = "UEA", "UEA\UEA.csproj", "{89567DD1-74AB-43C3-8994-263D8BCDF7B4}"
EndProject
Global
	GlobalSection(SolutionConfigurationPlatforms) = preSolution
		Debug|Any CPU = Debug|Any CPU
		Release|Any CPU = Release|Any CPU
	EndGlobalSection
	GlobalSection(ProjectConfigurationPlatforms) = postSolution
		{89567DD1-74AB-43C3-8994-263D8BCDF7B4}.Debug|Any CPU.ActiveCfg = Debug|Any CPU
		{89567DD1-74AB-43C3-8994-263D8BCDF7B4}.Debug|Any CPU.Build.0 = Debug|Any CPU
		{89567DD1-74AB-43C3-8994-263D8BCDF7B4}.Release|Any CPU.ActiveCfg = Release|Any CPU
		{89567DD1-74AB-43C3-8994-263D8BCDF7B4}.Release|Any CPU.Build.0 = Release|Any CPU
	EndGlobalSection
	GlobalSection(SolutionProperties) = preSolution
		HideSolutionNode = FALSE
	EndGlobalSection
	GlobalSection(ExtensibilityGlobals) = postSolution
		SolutionGuid = {E82582B0-AD2B-4E33-990C-3A0324A059EB}
	EndGlobalSection
EndGlobal
